// !$*UTF8*$!
{
	archiveVersion = 1;
	classes = {
	};
	objectVersion = 48;
	objects = {

/* Begin PBXBuildFile section */
		044B01D920089BA700924FD3 /* HSPDownloadManager.swift in Sources */ = {isa = PBXBuildFile; fileRef = 044B01D820089BA700924FD3 /* HSPDownloadManager.swift */; };
		046952F020109A8300240798 /* HSPBrowsePictureCell.swift in Sources */ = {isa = PBXBuildFile; fileRef = 046952EF20109A8300240798 /* HSPBrowsePictureCell.swift */; };
		0489D012200997CE00370D94 /* UIImageView+Cache.swift in Sources */ = {isa = PBXBuildFile; fileRef = 0489D011200997CE00370D94 /* UIImageView+Cache.swift */; };
		0489D0142009AFB800370D94 /* HSPImageDownload.swift in Sources */ = {isa = PBXBuildFile; fileRef = 0489D0132009AFB800370D94 /* HSPImageDownload.swift */; };
		0489D016200A16AB00370D94 /* UIButton+Cache.swift in Sources */ = {isa = PBXBuildFile; fileRef = 0489D015200A16AB00370D94 /* UIButton+Cache.swift */; };
		04C7616A2006F16B00612D4D /* AppDelegate.swift in Sources */ = {isa = PBXBuildFile; fileRef = 04C761692006F16B00612D4D /* AppDelegate.swift */; };
		04C7616C2006F16B00612D4D /* ViewController.swift in Sources */ = {isa = PBXBuildFile; fileRef = 04C7616B2006F16B00612D4D /* ViewController.swift */; };
		04C7616F2006F16B00612D4D /* Main.storyboard in Resources */ = {isa = PBXBuildFile; fileRef = 04C7616D2006F16B00612D4D /* Main.storyboard */; };
		04C761712006F16B00612D4D /* Assets.xcassets in Resources */ = {isa = PBXBuildFile; fileRef = 04C761702006F16B00612D4D /* Assets.xcassets */; };
		04C761742006F16B00612D4D /* LaunchScreen.storyboard in Resources */ = {isa = PBXBuildFile; fileRef = 04C761722006F16B00612D4D /* LaunchScreen.storyboard */; };
		04C7617F2006F16B00612D4D /* HttpManagerTests.swift in Sources */ = {isa = PBXBuildFile; fileRef = 04C7617E2006F16B00612D4D /* HttpManagerTests.swift */; };
		04C7618A2006F16B00612D4D /* HttpManagerUITests.swift in Sources */ = {isa = PBXBuildFile; fileRef = 04C761892006F16B00612D4D /* HttpManagerUITests.swift */; };
		04C761982006F21F00612D4D /* HSPHttpManager.swift in Sources */ = {isa = PBXBuildFile; fileRef = 04C761972006F21F00612D4D /* HSPHttpManager.swift */; };
		04F52758200C7F13005AA099 /* btnImage.jpg in Resources */ = {isa = PBXBuildFile; fileRef = 04F52757200C7F13005AA099 /* btnImage.jpg */; };
		04F5275A200C8209005AA099 /* sharebtn.png in Resources */ = {isa = PBXBuildFile; fileRef = 04F52759200C8208005AA099 /* sharebtn.png */; };
		04F5275E200C9353005AA099 /* HSPBrowsePictures.swift in Sources */ = {isa = PBXBuildFile; fileRef = 04F5275D200C9353005AA099 /* HSPBrowsePictures.swift */; };
		0E90D24245E51B4D81A64138 /* Pods_HttpManagerUITests.framework in Frameworks */ = {isa = PBXBuildFile; fileRef = B36FBB564EACBE0A54FA3E4F /* Pods_HttpManagerUITests.framework */; };
		11652CD97CFEA59F38661AB7 /* Pods_HttpManagerTests.framework in Frameworks */ = {isa = PBXBuildFile; fileRef = DC6F86715663E4DB9935E81C /* Pods_HttpManagerTests.framework */; };
		C90CBFEDA975177793B52A6B /* Pods_HttpManager.framework in Frameworks */ = {isa = PBXBuildFile; fileRef = 3D906654FCC322FDDB2E6CFA /* Pods_HttpManager.framework */; };
/* End PBXBuildFile section */

/* Begin PBXContainerItemProxy section */
		04C7617B2006F16B00612D4D /* PBXContainerItemProxy */ = {
			isa = PBXContainerItemProxy;
			containerPortal = 04C7615E2006F16B00612D4D /* Project object */;
			proxyType = 1;
			remoteGlobalIDString = 04C761652006F16B00612D4D;
			remoteInfo = HttpManager;
		};
		04C761862006F16B00612D4D /* PBXContainerItemProxy */ = {
			isa = PBXContainerItemProxy;
			containerPortal = 04C7615E2006F16B00612D4D /* Project object */;
			proxyType = 1;
			remoteGlobalIDString = 04C761652006F16B00612D4D;
			remoteInfo = HttpManager;
		};
/* End PBXContainerItemProxy section */

/* Begin PBXFileReference section */
		044B01D820089BA700924FD3 /* HSPDownloadManager.swift */ = {isa = PBXFileReference; lastKnownFileType = sourcecode.swift; path = HSPDownloadManager.swift; sourceTree = "<group>"; };
		046952EF20109A8300240798 /* HSPBrowsePictureCell.swift */ = {isa = PBXFileReference; lastKnownFileType = sourcecode.swift; path = HSPBrowsePictureCell.swift; sourceTree = "<group>"; };
		0489D011200997CE00370D94 /* UIImageView+Cache.swift */ = {isa = PBXFileReference; lastKnownFileType = sourcecode.swift; path = "UIImageView+Cache.swift"; sourceTree = "<group>"; };
		0489D0132009AFB800370D94 /* HSPImageDownload.swift */ = {isa = PBXFileReference; lastKnownFileType = sourcecode.swift; path = HSPImageDownload.swift; sourceTree = "<group>"; };
		0489D015200A16AB00370D94 /* UIButton+Cache.swift */ = {isa = PBXFileReference; lastKnownFileType = sourcecode.swift; path = "UIButton+Cache.swift"; sourceTree = "<group>"; };
		04C761662006F16B00612D4D /* HttpManager.app */ = {isa = PBXFileReference; explicitFileType = wrapper.application; includeInIndex = 0; path = HttpManager.app; sourceTree = BUILT_PRODUCTS_DIR; };
		04C761692006F16B00612D4D /* AppDelegate.swift */ = {isa = PBXFileReference; lastKnownFileType = sourcecode.swift; path = AppDelegate.swift; sourceTree = "<group>"; };
		04C7616B2006F16B00612D4D /* ViewController.swift */ = {isa = PBXFileReference; lastKnownFileType = sourcecode.swift; path = ViewController.swift; sourceTree = "<group>"; };
		04C7616E2006F16B00612D4D /* Base */ = {isa = PBXFileReference; lastKnownFileType = file.storyboard; name = Base; path = Base.lproj/Main.storyboard; sourceTree = "<group>"; };
		04C761702006F16B00612D4D /* Assets.xcassets */ = {isa = PBXFileReference; lastKnownFileType = folder.assetcatalog; path = Assets.xcassets; sourceTree = "<group>"; };
		04C761732006F16B00612D4D /* Base */ = {isa = PBXFileReference; lastKnownFileType = file.storyboard; name = Base; path = Base.lproj/LaunchScreen.storyboard; sourceTree = "<group>"; };
		04C761752006F16B00612D4D /* Info.plist */ = {isa = PBXFileReference; lastKnownFileType = text.plist.xml; path = Info.plist; sourceTree = "<group>"; };
		04C7617A2006F16B00612D4D /* HttpManagerTests.xctest */ = {isa = PBXFileReference; explicitFileType = wrapper.cfbundle; includeInIndex = 0; path = HttpManagerTests.xctest; sourceTree = BUILT_PRODUCTS_DIR; };
		04C7617E2006F16B00612D4D /* HttpManagerTests.swift */ = {isa = PBXFileReference; lastKnownFileType = sourcecode.swift; path = HttpManagerTests.swift; sourceTree = "<group>"; };
		04C761802006F16B00612D4D /* Info.plist */ = {isa = PBXFileReference; lastKnownFileType = text.plist.xml; path = Info.plist; sourceTree = "<group>"; };
		04C761852006F16B00612D4D /* HttpManagerUITests.xctest */ = {isa = PBXFileReference; explicitFileType = wrapper.cfbundle; includeInIndex = 0; path = HttpManagerUITests.xctest; sourceTree = BUILT_PRODUCTS_DIR; };
		04C761892006F16B00612D4D /* HttpManagerUITests.swift */ = {isa = PBXFileReference; lastKnownFileType = sourcecode.swift; path = HttpManagerUITests.swift; sourceTree = "<group>"; };
		04C7618B2006F16B00612D4D /* Info.plist */ = {isa = PBXFileReference; lastKnownFileType = text.plist.xml; path = Info.plist; sourceTree = "<group>"; };
		04C761972006F21F00612D4D /* HSPHttpManager.swift */ = {isa = PBXFileReference; lastKnownFileType = sourcecode.swift; path = HSPHttpManager.swift; sourceTree = "<group>"; };
		04F52757200C7F13005AA099 /* btnImage.jpg */ = {isa = PBXFileReference; lastKnownFileType = image.jpeg; path = btnImage.jpg; sourceTree = "<group>"; };
		04F52759200C8208005AA099 /* sharebtn.png */ = {isa = PBXFileReference; lastKnownFileType = image.png; path = sharebtn.png; sourceTree = "<group>"; };
		04F5275D200C9353005AA099 /* HSPBrowsePictures.swift */ = {isa = PBXFileReference; lastKnownFileType = sourcecode.swift; path = HSPBrowsePictures.swift; sourceTree = "<group>"; };
		13EE23DE01C5F9B1DD66EAB8 /* Pods-HttpManagerTests.debug.xcconfig */ = {isa = PBXFileReference; includeInIndex = 1; lastKnownFileType = text.xcconfig; name = "Pods-HttpManagerTests.debug.xcconfig"; path = "Pods/Target Support Files/Pods-HttpManagerTests/Pods-HttpManagerTests.debug.xcconfig"; sourceTree = "<group>"; };
		233395FA2015D61000C5D882 /* SwiftSocket.framework */ = {isa = PBXFileReference; explicitFileType = wrapper.framework; path = SwiftSocket.framework; sourceTree = BUILT_PRODUCTS_DIR; };
		3A3981D51FC4D01BCA9FFBC0 /* Pods-HttpManagerUITests.release.xcconfig */ = {isa = PBXFileReference; includeInIndex = 1; lastKnownFileType = text.xcconfig; name = "Pods-HttpManagerUITests.release.xcconfig"; path = "Pods/Target Support Files/Pods-HttpManagerUITests/Pods-HttpManagerUITests.release.xcconfig"; sourceTree = "<group>"; };
		3D906654FCC322FDDB2E6CFA /* Pods_HttpManager.framework */ = {isa = PBXFileReference; explicitFileType = wrapper.framework; includeInIndex = 0; path = Pods_HttpManager.framework; sourceTree = BUILT_PRODUCTS_DIR; };
		4C01E2E4B9445E75D83E97FC /* Pods-HttpManager.debug.xcconfig */ = {isa = PBXFileReference; includeInIndex = 1; lastKnownFileType = text.xcconfig; name = "Pods-HttpManager.debug.xcconfig"; path = "Pods/Target Support Files/Pods-HttpManager/Pods-HttpManager.debug.xcconfig"; sourceTree = "<group>"; };
		68F757DB466B40610883E975 /* Pods-HttpManagerTests.release.xcconfig */ = {isa = PBXFileReference; includeInIndex = 1; lastKnownFileType = text.xcconfig; name = "Pods-HttpManagerTests.release.xcconfig"; path = "Pods/Target Support Files/Pods-HttpManagerTests/Pods-HttpManagerTests.release.xcconfig"; sourceTree = "<group>"; };
		803CDA69C9FE170D58BD7D7F /* Pods-HttpManager.release.xcconfig */ = {isa = PBXFileReference; includeInIndex = 1; lastKnownFileType = text.xcconfig; name = "Pods-HttpManager.release.xcconfig"; path = "Pods/Target Support Files/Pods-HttpManager/Pods-HttpManager.release.xcconfig"; sourceTree = "<group>"; };
		B36FBB564EACBE0A54FA3E4F /* Pods_HttpManagerUITests.framework */ = {isa = PBXFileReference; explicitFileType = wrapper.framework; includeInIndex = 0; path = Pods_HttpManagerUITests.framework; sourceTree = BUILT_PRODUCTS_DIR; };
		D1534F97A3ED1714E4ADE50B /* Pods-HttpManagerUITests.debug.xcconfig */ = {isa = PBXFileReference; includeInIndex = 1; lastKnownFileType = text.xcconfig; name = "Pods-HttpManagerUITests.debug.xcconfig"; path = "Pods/Target Support Files/Pods-HttpManagerUITests/Pods-HttpManagerUITests.debug.xcconfig"; sourceTree = "<group>"; };
		DC6F86715663E4DB9935E81C /* Pods_HttpManagerTests.framework */ = {isa = PBXFileReference; explicitFileType = wrapper.framework; includeInIndex = 0; path = Pods_HttpManagerTests.framework; sourceTree = BUILT_PRODUCTS_DIR; };
/* End PBXFileReference section */

/* Begin PBXFrameworksBuildPhase section */
		04C761632006F16B00612D4D /* Frameworks */ = {
			isa = PBXFrameworksBuildPhase;
			buildActionMask = 2147483647;
			files = (
				C90CBFEDA975177793B52A6B /* Pods_HttpManager.framework in Frameworks */,
			);
			runOnlyForDeploymentPostprocessing = 0;
		};
		04C761772006F16B00612D4D /* Frameworks */ = {
			isa = PBXFrameworksBuildPhase;
			buildActionMask = 2147483647;
			files = (
				11652CD97CFEA59F38661AB7 /* Pods_HttpManagerTests.framework in Frameworks */,
			);
			runOnlyForDeploymentPostprocessing = 0;
		};
		04C761822006F16B00612D4D /* Frameworks */ = {
			isa = PBXFrameworksBuildPhase;
			buildActionMask = 2147483647;
			files = (
				0E90D24245E51B4D81A64138 /* Pods_HttpManagerUITests.framework in Frameworks */,
			);
			runOnlyForDeploymentPostprocessing = 0;
		};
/* End PBXFrameworksBuildPhase section */

/* Begin PBXGroup section */
		04C7615D2006F16B00612D4D = {
			isa = PBXGroup;
			children = (
				04C761682006F16B00612D4D /* HttpManager */,
				04C7617D2006F16B00612D4D /* HttpManagerTests */,
				04C761882006F16B00612D4D /* HttpManagerUITests */,
				04C761672006F16B00612D4D /* Products */,
				071065C563B24600E888552D /* Pods */,
				3FABA50DD0EC614D22A3B77E /* Frameworks */,
			);
			sourceTree = "<group>";
		};
		04C761672006F16B00612D4D /* Products */ = {
			isa = PBXGroup;
			children = (
				04C761662006F16B00612D4D /* HttpManager.app */,
				04C7617A2006F16B00612D4D /* HttpManagerTests.xctest */,
				04C761852006F16B00612D4D /* HttpManagerUITests.xctest */,
			);
			name = Products;
			sourceTree = "<group>";
		};
		04C761682006F16B00612D4D /* HttpManager */ = {
			isa = PBXGroup;
			children = (
				04F52759200C8208005AA099 /* sharebtn.png */,
				04F52757200C7F13005AA099 /* btnImage.jpg */,
				04C761692006F16B00612D4D /* AppDelegate.swift */,
				04C7616B2006F16B00612D4D /* ViewController.swift */,
				04C761972006F21F00612D4D /* HSPHttpManager.swift */,
				044B01D820089BA700924FD3 /* HSPDownloadManager.swift */,
				0489D011200997CE00370D94 /* UIImageView+Cache.swift */,
				0489D015200A16AB00370D94 /* UIButton+Cache.swift */,
				0489D0132009AFB800370D94 /* HSPImageDownload.swift */,
				04F5275D200C9353005AA099 /* HSPBrowsePictures.swift */,
				046952EF20109A8300240798 /* HSPBrowsePictureCell.swift */,
				04C7616D2006F16B00612D4D /* Main.storyboard */,
				04C761702006F16B00612D4D /* Assets.xcassets */,
				04C761722006F16B00612D4D /* LaunchScreen.storyboard */,
				04C761752006F16B00612D4D /* Info.plist */,
			);
			path = HttpManager;
			sourceTree = "<group>";
		};
		04C7617D2006F16B00612D4D /* HttpManagerTests */ = {
			isa = PBXGroup;
			children = (
				04C7617E2006F16B00612D4D /* HttpManagerTests.swift */,
				04C761802006F16B00612D4D /* Info.plist */,
			);
			path = HttpManagerTests;
			sourceTree = "<group>";
		};
		04C761882006F16B00612D4D /* HttpManagerUITests */ = {
			isa = PBXGroup;
			children = (
				04C761892006F16B00612D4D /* HttpManagerUITests.swift */,
				04C7618B2006F16B00612D4D /* Info.plist */,
			);
			path = HttpManagerUITests;
			sourceTree = "<group>";
		};
		071065C563B24600E888552D /* Pods */ = {
			isa = PBXGroup;
			children = (
				4C01E2E4B9445E75D83E97FC /* Pods-HttpManager.debug.xcconfig */,
				803CDA69C9FE170D58BD7D7F /* Pods-HttpManager.release.xcconfig */,
				13EE23DE01C5F9B1DD66EAB8 /* Pods-HttpManagerTests.debug.xcconfig */,
				68F757DB466B40610883E975 /* Pods-HttpManagerTests.release.xcconfig */,
				D1534F97A3ED1714E4ADE50B /* Pods-HttpManagerUITests.debug.xcconfig */,
				3A3981D51FC4D01BCA9FFBC0 /* Pods-HttpManagerUITests.release.xcconfig */,
			);
			name = Pods;
			sourceTree = "<group>";
		};
		3FABA50DD0EC614D22A3B77E /* Frameworks */ = {
			isa = PBXGroup;
			children = (
				233395FA2015D61000C5D882 /* SwiftSocket.framework */,
				3D906654FCC322FDDB2E6CFA /* Pods_HttpManager.framework */,
				DC6F86715663E4DB9935E81C /* Pods_HttpManagerTests.framework */,
				B36FBB564EACBE0A54FA3E4F /* Pods_HttpManagerUITests.framework */,
			);
			name = Frameworks;
			sourceTree = "<group>";
		};
/* End PBXGroup section */

/* Begin PBXNativeTarget section */
		04C761652006F16B00612D4D /* HttpManager */ = {
			isa = PBXNativeTarget;
			buildConfigurationList = 04C7618E2006F16B00612D4D /* Build configuration list for PBXNativeTarget "HttpManager" */;
			buildPhases = (
				C2B78ABF31FE62A22D1D3402 /* [CP] Check Pods Manifest.lock */,
				04C761622006F16B00612D4D /* Sources */,
				04C761632006F16B00612D4D /* Frameworks */,
				04C761642006F16B00612D4D /* Resources */,
				09905B959D5FCCEC250515E1 /* [CP] Embed Pods Frameworks */,
				1EFAEAF5C37D95B4B13F9D77 /* [CP] Copy Pods Resources */,
			);
			buildRules = (
			);
			dependencies = (
			);
			name = HttpManager;
			productName = HttpManager;
			productReference = 04C761662006F16B00612D4D /* HttpManager.app */;
			productType = "com.apple.product-type.application";
		};
		04C761792006F16B00612D4D /* HttpManagerTests */ = {
			isa = PBXNativeTarget;
			buildConfigurationList = 04C761912006F16B00612D4D /* Build configuration list for PBXNativeTarget "HttpManagerTests" */;
			buildPhases = (
				F36C8C5782732E034C45B7B0 /* [CP] Check Pods Manifest.lock */,
				04C761762006F16B00612D4D /* Sources */,
				04C761772006F16B00612D4D /* Frameworks */,
				04C761782006F16B00612D4D /* Resources */,
				A67C779B8F395012514FC6EA /* [CP] Embed Pods Frameworks */,
				9D8F41D24C031474A135AC14 /* [CP] Copy Pods Resources */,
			);
			buildRules = (
			);
			dependencies = (
				04C7617C2006F16B00612D4D /* PBXTargetDependency */,
			);
			name = HttpManagerTests;
			productName = HttpManagerTests;
			productReference = 04C7617A2006F16B00612D4D /* HttpManagerTests.xctest */;
			productType = "com.apple.product-type.bundle.unit-test";
		};
		04C761842006F16B00612D4D /* HttpManagerUITests */ = {
			isa = PBXNativeTarget;
			buildConfigurationList = 04C761942006F16B00612D4D /* Build configuration list for PBXNativeTarget "HttpManagerUITests" */;
			buildPhases = (
				F655C8E0A5E989BDDB458E0F /* [CP] Check Pods Manifest.lock */,
				04C761812006F16B00612D4D /* Sources */,
				04C761822006F16B00612D4D /* Frameworks */,
				04C761832006F16B00612D4D /* Resources */,
				807452A4515E0EF6E9265BA5 /* [CP] Embed Pods Frameworks */,
				318227FD9575C9F873E9DA0D /* [CP] Copy Pods Resources */,
			);
			buildRules = (
			);
			dependencies = (
				04C761872006F16B00612D4D /* PBXTargetDependency */,
			);
			name = HttpManagerUITests;
			productName = HttpManagerUITests;
			productReference = 04C761852006F16B00612D4D /* HttpManagerUITests.xctest */;
			productType = "com.apple.product-type.bundle.ui-testing";
		};
/* End PBXNativeTarget section */

/* Begin PBXProject section */
		04C7615E2006F16B00612D4D /* Project object */ = {
			isa = PBXProject;
			attributes = {
				LastSwiftUpdateCheck = 0920;
				LastUpgradeCheck = 0920;
				ORGANIZATIONNAME = Mac;
				TargetAttributes = {
					04C761652006F16B00612D4D = {
						CreatedOnToolsVersion = 9.2;
						ProvisioningStyle = Automatic;
					};
					04C761792006F16B00612D4D = {
						CreatedOnToolsVersion = 9.2;
						ProvisioningStyle = Automatic;
						TestTargetID = 04C761652006F16B00612D4D;
					};
					04C761842006F16B00612D4D = {
						CreatedOnToolsVersion = 9.2;
						ProvisioningStyle = Automatic;
						TestTargetID = 04C761652006F16B00612D4D;
					};
				};
			};
			buildConfigurationList = 04C761612006F16B00612D4D /* Build configuration list for PBXProject "HttpManager" */;
			compatibilityVersion = "Xcode 8.0";
			developmentRegion = en;
			hasScannedForEncodings = 0;
			knownRegions = (
				en,
				Base,
			);
			mainGroup = 04C7615D2006F16B00612D4D;
			productRefGroup = 04C761672006F16B00612D4D /* Products */;
			projectDirPath = "";
			projectRoot = "";
			targets = (
				04C761652006F16B00612D4D /* HttpManager */,
				04C761792006F16B00612D4D /* HttpManagerTests */,
				04C761842006F16B00612D4D /* HttpManagerUITests */,
			);
		};
/* End PBXProject section */

/* Begin PBXResourcesBuildPhase section */
		04C761642006F16B00612D4D /* Resources */ = {
			isa = PBXResourcesBuildPhase;
			buildActionMask = 2147483647;
			files = (
				04F5275A200C8209005AA099 /* sharebtn.png in Resources */,
				04C761742006F16B00612D4D /* LaunchScreen.storyboard in Resources */,
				04C761712006F16B00612D4D /* Assets.xcassets in Resources */,
				04F52758200C7F13005AA099 /* btnImage.jpg in Resources */,
				04C7616F2006F16B00612D4D /* Main.storyboard in Resources */,
			);
			runOnlyForDeploymentPostprocessing = 0;
		};
		04C761782006F16B00612D4D /* Resources */ = {
			isa = PBXResourcesBuildPhase;
			buildActionMask = 2147483647;
			files = (
			);
			runOnlyForDeploymentPostprocessing = 0;
		};
		04C761832006F16B00612D4D /* Resources */ = {
			isa = PBXResourcesBuildPhase;
			buildActionMask = 2147483647;
			files = (
			);
			runOnlyForDeploymentPostprocessing = 0;
		};
/* End PBXResourcesBuildPhase section */

/* Begin PBXShellScriptBuildPhase section */
		09905B959D5FCCEC250515E1 /* [CP] Embed Pods Frameworks */ = {
			isa = PBXShellScriptBuildPhase;
			buildActionMask = 2147483647;
			files = (
			);
			inputPaths = (
				"${SRCROOT}/Pods/Target Support Files/Pods-HttpManager/Pods-HttpManager-frameworks.sh",
				"${BUILT_PRODUCTS_DIR}/SwiftSocket/SwiftSocket.framework",
			);
			name = "[CP] Embed Pods Frameworks";
			outputPaths = (
				"${TARGET_BUILD_DIR}/${FRAMEWORKS_FOLDER_PATH}/SwiftSocket.framework",
			);
			runOnlyForDeploymentPostprocessing = 0;
			shellPath = /bin/sh;
			shellScript = "\"${SRCROOT}/Pods/Target Support Files/Pods-HttpManager/Pods-HttpManager-frameworks.sh\"\n";
			showEnvVarsInLog = 0;
		};
		1EFAEAF5C37D95B4B13F9D77 /* [CP] Copy Pods Resources */ = {
			isa = PBXShellScriptBuildPhase;
			buildActionMask = 2147483647;
			files = (
			);
			inputPaths = (
			);
			name = "[CP] Copy Pods Resources";
			outputPaths = (
			);
			runOnlyForDeploymentPostprocessing = 0;
			shellPath = /bin/sh;
			shellScript = "\"${SRCROOT}/Pods/Target Support Files/Pods-HttpManager/Pods-HttpManager-resources.sh\"\n";
			showEnvVarsInLog = 0;
		};
		318227FD9575C9F873E9DA0D /* [CP] Copy Pods Resources */ = {
			isa = PBXShellScriptBuildPhase;
			buildActionMask = 2147483647;
			files = (
			);
			inputPaths = (
			);
			name = "[CP] Copy Pods Resources";
			outputPaths = (
			);
			runOnlyForDeploymentPostprocessing = 0;
			shellPath = /bin/sh;
			shellScript = "\"${SRCROOT}/Pods/Target Support Files/Pods-HttpManagerUITests/Pods-HttpManagerUITests-resources.sh\"\n";
			showEnvVarsInLog = 0;
		};
		807452A4515E0EF6E9265BA5 /* [CP] Embed Pods Frameworks */ = {
			isa = PBXShellScriptBuildPhase;
			buildActionMask = 2147483647;
			files = (
			);
			inputPaths = (
			);
			name = "[CP] Embed Pods Frameworks";
			outputPaths = (
			);
			runOnlyForDeploymentPostprocessing = 0;
			shellPath = /bin/sh;
			shellScript = "\"${SRCROOT}/Pods/Target Support Files/Pods-HttpManagerUITests/Pods-HttpManagerUITests-frameworks.sh\"\n";
			showEnvVarsInLog = 0;
		};
		9D8F41D24C031474A135AC14 /* [CP] Copy Pods Resources */ = {
			isa = PBXShellScriptBuildPhase;
			buildActionMask = 2147483647;
			files = (
			);
			inputPaths = (
			);
			name = "[CP] Copy Pods Resources";
			outputPaths = (
			);
			runOnlyForDeploymentPostprocessing = 0;
			shellPath = /bin/sh;
			shellScript = "\"${SRCROOT}/Pods/Target Support Files/Pods-HttpManagerTests/Pods-HttpManagerTests-resources.sh\"\n";
			showEnvVarsInLog = 0;
		};
		A67C779B8F395012514FC6EA /* [CP] Embed Pods Frameworks */ = {
			isa = PBXShellScriptBuildPhase;
			buildActionMask = 2147483647;
			files = (
			);
			inputPaths = (
				"${SRCROOT}/Pods/Target Support Files/Pods-HttpManagerTests/Pods-HttpManagerTests-frameworks.sh",
				"${BUILT_PRODUCTS_DIR}/SwiftSocket/SwiftSocket.framework",
			);
			name = "[CP] Embed Pods Frameworks";
			outputPaths = (
				"${TARGET_BUILD_DIR}/${FRAMEWORKS_FOLDER_PATH}/SwiftSocket.framework",
			);
			runOnlyForDeploymentPostprocessing = 0;
			shellPath = /bin/sh;
			shellScript = "\"${SRCROOT}/Pods/Target Support Files/Pods-HttpManagerTests/Pods-HttpManagerTests-frameworks.sh\"\n";
			showEnvVarsInLog = 0;
		};
		C2B78ABF31FE62A22D1D3402 /* [CP] Check Pods Manifest.lock */ = {
			isa = PBXShellScriptBuildPhase;
			buildActionMask = 2147483647;
			files = (
			);
			inputPaths = (
				"${PODS_PODFILE_DIR_PATH}/Podfile.lock",
				"${PODS_ROOT}/Manifest.lock",
			);
			name = "[CP] Check Pods Manifest.lock";
			outputPaths = (
				"$(DERIVED_FILE_DIR)/Pods-HttpManager-checkManifestLockResult.txt",
			);
			runOnlyForDeploymentPostprocessing = 0;
			shellPath = /bin/sh;
			shellScript = "diff \"${PODS_PODFILE_DIR_PATH}/Podfile.lock\" \"${PODS_ROOT}/Manifest.lock\" > /dev/null\nif [ $? != 0 ] ; then\n    # print error to STDERR\n    echo \"error: The sandbox is not in sync with the Podfile.lock. Run 'pod install' or update your CocoaPods installation.\" >&2\n    exit 1\nfi\n# This output is used by Xcode 'outputs' to avoid re-running this script phase.\necho \"SUCCESS\" > \"${SCRIPT_OUTPUT_FILE_0}\"\n";
			showEnvVarsInLog = 0;
		};
		F36C8C5782732E034C45B7B0 /* [CP] Check Pods Manifest.lock */ = {
			isa = PBXShellScriptBuildPhase;
			buildActionMask = 2147483647;
			files = (
			);
			inputPaths = (
				"${PODS_PODFILE_DIR_PATH}/Podfile.lock",
				"${PODS_ROOT}/Manifest.lock",
			);
			name = "[CP] Check Pods Manifest.lock";
			outputPaths = (
				"$(DERIVED_FILE_DIR)/Pods-HttpManagerTests-checkManifestLockResult.txt",
			);
			runOnlyForDeploymentPostprocessing = 0;
			shellPath = /bin/sh;
			shellScript = "diff \"${PODS_PODFILE_DIR_PATH}/Podfile.lock\" \"${PODS_ROOT}/Manifest.lock\" > /dev/null\nif [ $? != 0 ] ; then\n    # print error to STDERR\n    echo \"error: The sandbox is not in sync with the Podfile.lock. Run 'pod install' or update your CocoaPods installation.\" >&2\n    exit 1\nfi\n# This output is used by Xcode 'outputs' to avoid re-running this script phase.\necho \"SUCCESS\" > \"${SCRIPT_OUTPUT_FILE_0}\"\n";
			showEnvVarsInLog = 0;
		};
		F655C8E0A5E989BDDB458E0F /* [CP] Check Pods Manifest.lock */ = {
			isa = PBXShellScriptBuildPhase;
			buildActionMask = 2147483647;
			files = (
			);
			inputPaths = (
				"${PODS_PODFILE_DIR_PATH}/Podfile.lock",
				"${PODS_ROOT}/Manifest.lock",
			);
			name = "[CP] Check Pods Manifest.lock";
			outputPaths = (
				"$(DERIVED_FILE_DIR)/Pods-HttpManagerUITests-checkManifestLockResult.txt",
			);
			runOnlyForDeploymentPostprocessing = 0;
			shellPath = /bin/sh;
			shellScript = "diff \"${PODS_PODFILE_DIR_PATH}/Podfile.lock\" \"${PODS_ROOT}/Manifest.lock\" > /dev/null\nif [ $? != 0 ] ; then\n    # print error to STDERR\n    echo \"error: The sandbox is not in sync with the Podfile.lock. Run 'pod install' or update your CocoaPods installation.\" >&2\n    exit 1\nfi\n# This output is used by Xcode 'outputs' to avoid re-running this script phase.\necho \"SUCCESS\" > \"${SCRIPT_OUTPUT_FILE_0}\"\n";
			showEnvVarsInLog = 0;
		};
/* End PBXShellScriptBuildPhase section */

/* Begin PBXSourcesBuildPhase section */
		04C761622006F16B00612D4D /* Sources */ = {
			isa = PBXSourcesBuildPhase;
			buildActionMask = 2147483647;
			files = (
				04C7616C2006F16B00612D4D /* ViewController.swift in Sources */,
				044B01D920089BA700924FD3 /* HSPDownloadManager.swift in Sources */,
				04C7616A2006F16B00612D4D /* AppDelegate.swift in Sources */,
				04C761982006F21F00612D4D /* HSPHttpManager.swift in Sources */,
				0489D012200997CE00370D94 /* UIImageView+Cache.swift in Sources */,
				0489D016200A16AB00370D94 /* UIButton+Cache.swift in Sources */,
				04F5275E200C9353005AA099 /* HSPBrowsePictures.swift in Sources */,
				046952F020109A8300240798 /* HSPBrowsePictureCell.swift in Sources */,
				0489D0142009AFB800370D94 /* HSPImageDownload.swift in Sources */,
			);
			runOnlyForDeploymentPostprocessing = 0;
		};
		04C761762006F16B00612D4D /* Sources */ = {
			isa = PBXSourcesBuildPhase;
			buildActionMask = 2147483647;
			files = (
				04C7617F2006F16B00612D4D /* HttpManagerTests.swift in Sources */,
			);
			runOnlyForDeploymentPostprocessing = 0;
		};
		04C761812006F16B00612D4D /* Sources */ = {
			isa = PBXSourcesBuildPhase;
			buildActionMask = 2147483647;
			files = (
				04C7618A2006F16B00612D4D /* HttpManagerUITests.swift in Sources */,
			);
			runOnlyForDeploymentPostprocessing = 0;
		};
/* End PBXSourcesBuildPhase section */

/* Begin PBXTargetDependency section */
		04C7617C2006F16B00612D4D /* PBXTargetDependency */ = {
			isa = PBXTargetDependency;
			target = 04C761652006F16B00612D4D /* HttpManager */;
			targetProxy = 04C7617B2006F16B00612D4D /* PBXContainerItemProxy */;
		};
		04C761872006F16B00612D4D /* PBXTargetDependency */ = {
			isa = PBXTargetDependency;
			target = 04C761652006F16B00612D4D /* HttpManager */;
			targetProxy = 04C761862006F16B00612D4D /* PBXContainerItemProxy */;
		};
/* End PBXTargetDependency section */

/* Begin PBXVariantGroup section */
		04C7616D2006F16B00612D4D /* Main.storyboard */ = {
			isa = PBXVariantGroup;
			children = (
				04C7616E2006F16B00612D4D /* Base */,
			);
			name = Main.storyboard;
			sourceTree = "<group>";
		};
		04C761722006F16B00612D4D /* LaunchScreen.storyboard */ = {
			isa = PBXVariantGroup;
			children = (
				04C761732006F16B00612D4D /* Base */,
			);
			name = LaunchScreen.storyboard;
			sourceTree = "<group>";
		};
/* End PBXVariantGroup section */

/* Begin XCBuildConfiguration section */
		04C7618C2006F16B00612D4D /* Debug */ = {
			isa = XCBuildConfiguration;
			buildSettings = {
				ALWAYS_SEARCH_USER_PATHS = NO;
				CLANG_ANALYZER_NONNULL = YES;
				CLANG_ANALYZER_NUMBER_OBJECT_CONVERSION = YES_AGGRESSIVE;
				CLANG_CXX_LANGUAGE_STANDARD = "gnu++14";
				CLANG_CXX_LIBRARY = "libc++";
				CLANG_ENABLE_MODULES = YES;
				CLANG_ENABLE_OBJC_ARC = YES;
				CLANG_WARN_BLOCK_CAPTURE_AUTORELEASING = YES;
				CLANG_WARN_BOOL_CONVERSION = YES;
				CLANG_WARN_COMMA = YES;
				CLANG_WARN_CONSTANT_CONVERSION = YES;
				CLANG_WARN_DIRECT_OBJC_ISA_USAGE = YES_ERROR;
				CLANG_WARN_DOCUMENTATION_COMMENTS = YES;
				CLANG_WARN_EMPTY_BODY = YES;
				CLANG_WARN_ENUM_CONVERSION = YES;
				CLANG_WARN_INFINITE_RECURSION = YES;
				CLANG_WARN_INT_CONVERSION = YES;
				CLANG_WARN_NON_LITERAL_NULL_CONVERSION = YES;
				CLANG_WARN_OBJC_LITERAL_CONVERSION = YES;
				CLANG_WARN_OBJC_ROOT_CLASS = YES_ERROR;
				CLANG_WARN_RANGE_LOOP_ANALYSIS = YES;
				CLANG_WARN_STRICT_PROTOTYPES = YES;
				CLANG_WARN_SUSPICIOUS_MOVE = YES;
				CLANG_WARN_UNGUARDED_AVAILABILITY = YES_AGGRESSIVE;
				CLANG_WARN_UNREACHABLE_CODE = YES;
				CLANG_WARN__DUPLICATE_METHOD_MATCH = YES;
				CODE_SIGN_IDENTITY = "iPhone Developer";
				COPY_PHASE_STRIP = NO;
				DEBUG_INFORMATION_FORMAT = dwarf;
				ENABLE_STRICT_OBJC_MSGSEND = YES;
				ENABLE_TESTABILITY = YES;
				GCC_C_LANGUAGE_STANDARD = gnu11;
				GCC_DYNAMIC_NO_PIC = NO;
				GCC_NO_COMMON_BLOCKS = YES;
				GCC_OPTIMIZATION_LEVEL = 0;
				GCC_PREPROCESSOR_DEFINITIONS = (
					"DEBUG=1",
					"$(inherited)",
				);
				GCC_WARN_64_TO_32_BIT_CONVERSION = YES;
				GCC_WARN_ABOUT_RETURN_TYPE = YES_ERROR;
				GCC_WARN_UNDECLARED_SELECTOR = YES;
				GCC_WARN_UNINITIALIZED_AUTOS = YES_AGGRESSIVE;
				GCC_WARN_UNUSED_FUNCTION = YES;
				GCC_WARN_UNUSED_VARIABLE = YES;
				IPHONEOS_DEPLOYMENT_TARGET = 11.2;
				MTL_ENABLE_DEBUG_INFO = YES;
				ONLY_ACTIVE_ARCH = YES;
				SDKROOT = iphoneos;
				SWIFT_ACTIVE_COMPILATION_CONDITIONS = DEBUG;
				SWIFT_OPTIMIZATION_LEVEL = "-Onone";
			};
			name = Debug;
		};
		04C7618D2006F16B00612D4D /* Release */ = {
			isa = XCBuildConfiguration;
			buildSettings = {
				ALWAYS_SEARCH_USER_PATHS = NO;
				CLANG_ANALYZER_NONNULL = YES;
				CLANG_ANALYZER_NUMBER_OBJECT_CONVERSION = YES_AGGRESSIVE;
				CLANG_CXX_LANGUAGE_STANDARD = "gnu++14";
				CLANG_CXX_LIBRARY = "libc++";
				CLANG_ENABLE_MODULES = YES;
				CLANG_ENABLE_OBJC_ARC = YES;
				CLANG_WARN_BLOCK_CAPTURE_AUTORELEASING = YES;
				CLANG_WARN_BOOL_CONVERSION = YES;
				CLANG_WARN_COMMA = YES;
				CLANG_WARN_CONSTANT_CONVERSION = YES;
				CLANG_WARN_DIRECT_OBJC_ISA_USAGE = YES_ERROR;
				CLANG_WARN_DOCUMENTATION_COMMENTS = YES;
				CLANG_WARN_EMPTY_BODY = YES;
				CLANG_WARN_ENUM_CONVERSION = YES;
				CLANG_WARN_INFINITE_RECURSION = YES;
				CLANG_WARN_INT_CONVERSION = YES;
				CLANG_WARN_NON_LITERAL_NULL_CONVERSION = YES;
				CLANG_WARN_OBJC_LITERAL_CONVERSION = YES;
				CLANG_WARN_OBJC_ROOT_CLASS = YES_ERROR;
				CLANG_WARN_RANGE_LOOP_ANALYSIS = YES;
				CLANG_WARN_STRICT_PROTOTYPES = YES;
				CLANG_WARN_SUSPICIOUS_MOVE = YES;
				CLANG_WARN_UNGUARDED_AVAILABILITY = YES_AGGRESSIVE;
				CLANG_WARN_UNREACHABLE_CODE = YES;
				CLANG_WARN__DUPLICATE_METHOD_MATCH = YES;
				CODE_SIGN_IDENTITY = "iPhone Developer";
				COPY_PHASE_STRIP = NO;
				DEBUG_INFORMATION_FORMAT = "dwarf-with-dsym";
				ENABLE_NS_ASSERTIONS = NO;
				ENABLE_STRICT_OBJC_MSGSEND = YES;
				GCC_C_LANGUAGE_STANDARD = gnu11;
				GCC_NO_COMMON_BLOCKS = YES;
				GCC_WARN_64_TO_32_BIT_CONVERSION = YES;
				GCC_WARN_ABOUT_RETURN_TYPE = YES_ERROR;
				GCC_WARN_UNDECLARED_SELECTOR = YES;
				GCC_WARN_UNINITIALIZED_AUTOS = YES_AGGRESSIVE;
				GCC_WARN_UNUSED_FUNCTION = YES;
				GCC_WARN_UNUSED_VARIABLE = YES;
				IPHONEOS_DEPLOYMENT_TARGET = 11.2;
				MTL_ENABLE_DEBUG_INFO = NO;
				SDKROOT = iphoneos;
				SWIFT_OPTIMIZATION_LEVEL = "-Owholemodule";
				VALIDATE_PRODUCT = YES;
			};
			name = Release;
		};
		04C7618F2006F16B00612D4D /* Debug */ = {
			isa = XCBuildConfiguration;
			baseConfigurationReference = 4C01E2E4B9445E75D83E97FC /* Pods-HttpManager.debug.xcconfig */;
			buildSettings = {
				ASSETCATALOG_COMPILER_APPICON_NAME = AppIcon;
				CODE_SIGN_STYLE = Automatic;
				DEVELOPMENT_TEAM = W222R58V26;
				INFOPLIST_FILE = HttpManager/Info.plist;
				IPHONEOS_DEPLOYMENT_TARGET = 8.1;
				LD_RUNPATH_SEARCH_PATHS = "$(inherited) @executable_path/Frameworks";
				PRODUCT_BUNDLE_IDENTIFIER = com.jhsys.HttpManager;
				PRODUCT_NAME = "$(TARGET_NAME)";
				SWIFT_VERSION = 4.0;
				TARGETED_DEVICE_FAMILY = 1;
			};
			name = Debug;
		};
		04C761902006F16B00612D4D /* Release */ = {
			isa = XCBuildConfiguration;
			baseConfigurationReference = 803CDA69C9FE170D58BD7D7F /* Pods-HttpManager.release.xcconfig */;
			buildSettings = {
				ASSETCATALOG_COMPILER_APPICON_NAME = AppIcon;
				CODE_SIGN_STYLE = Automatic;
				DEVELOPMENT_TEAM = W222R58V26;
				INFOPLIST_FILE = HttpManager/Info.plist;
				IPHONEOS_DEPLOYMENT_TARGET = 8.1;
				LD_RUNPATH_SEARCH_PATHS = "$(inherited) @executable_path/Frameworks";
				PRODUCT_BUNDLE_IDENTIFIER = com.jhsys.HttpManager;
				PRODUCT_NAME = "$(TARGET_NAME)";
				SWIFT_VERSION = 4.0;
				TARGETED_DEVICE_FAMILY = 1;
			};
			name = Release;
		};
		04C761922006F16B00612D4D /* Debug */ = {
			isa = XCBuildConfiguration;
			baseConfigurationReference = 13EE23DE01C5F9B1DD66EAB8 /* Pods-HttpManagerTests.debug.xcconfig */;
			buildSettings = {
				ALWAYS_EMBED_SWIFT_STANDARD_LIBRARIES = YES;
				BUNDLE_LOADER = "$(TEST_HOST)";
				CODE_SIGN_STYLE = Automatic;
				INFOPLIST_FILE = HttpManagerTests/Info.plist;
				LD_RUNPATH_SEARCH_PATHS = "$(inherited) @executable_path/Frameworks @loader_path/Frameworks";
				PRODUCT_BUNDLE_IDENTIFIER = com.jhsys.HttpManagerTests;
				PRODUCT_NAME = "$(TARGET_NAME)";
				SWIFT_VERSION = 4.0;
				TARGETED_DEVICE_FAMILY = "1,2";
				TEST_HOST = "$(BUILT_PRODUCTS_DIR)/HttpManager.app/HttpManager";
			};
			name = Debug;
		};
		04C761932006F16B00612D4D /* Release */ = {
			isa = XCBuildConfiguration;
			baseConfigurationReference = 68F757DB466B40610883E975 /* Pods-HttpManagerTests.release.xcconfig */;
			buildSettings = {
				ALWAYS_EMBED_SWIFT_STANDARD_LIBRARIES = YES;
				BUNDLE_LOADER = "$(TEST_HOST)";
				CODE_SIGN_STYLE = Automatic;
				INFOPLIST_FILE = HttpManagerTests/Info.plist;
				LD_RUNPATH_SEARCH_PATHS = "$(inherited) @executable_path/Frameworks @loader_path/Frameworks";
				PRODUCT_BUNDLE_IDENTIFIER = com.jhsys.HttpManagerTests;
				PRODUCT_NAME = "$(TARGET_NAME)";
				SWIFT_VERSION = 4.0;
				TARGETED_DEVICE_FAMILY = "1,2";
				TEST_HOST = "$(BUILT_PRODUCTS_DIR)/HttpManager.app/HttpManager";
			};
			name = Release;
		};
		04C761952006F16B00612D4D /* Debug */ = {
			isa = XCBuildConfiguration;
			baseConfigurationReference = D1534F97A3ED1714E4ADE50B /* Pods-HttpManagerUITests.debug.xcconfig */;
			buildSettings = {
				ALWAYS_EMBED_SWIFT_STANDARD_LIBRARIES = YES;
				CODE_SIGN_STYLE = Automatic;
				INFOPLIST_FILE = HttpManagerUITests/Info.plist;
				LD_RUNPATH_SEARCH_PATHS = "$(inherited) @executable_path/Frameworks @loader_path/Frameworks";
				PRODUCT_BUNDLE_IDENTIFIER = com.jhsys.HttpManagerUITests;
				PRODUCT_NAME = "$(TARGET_NAME)";
				SWIFT_VERSION = 4.0;
				TARGETED_DEVICE_FAMILY = "1,2";
				TEST_TARGET_NAME = HttpManager;
			};
			name = Debug;
		};
		04C761962006F16B00612D4D /* Release */ = {
			isa = XCBuildConfiguration;
			baseConfigurationReference = 3A3981D51FC4D01BCA9FFBC0 /* Pods-HttpManagerUITests.release.xcconfig */;
			buildSettings = {
				ALWAYS_EMBED_SWIFT_STANDARD_LIBRARIES = YES;
				CODE_SIGN_STYLE = Automatic;
				INFOPLIST_FILE = HttpManagerUITests/Info.plist;
				LD_RUNPATH_SEARCH_PATHS = "$(inherited) @executable_path/Frameworks @loader_path/Frameworks";
				PRODUCT_BUNDLE_IDENTIFIER = com.jhsys.HttpManagerUITests;
				PRODUCT_NAME = "$(TARGET_NAME)";
				SWIFT_VERSION = 4.0;
				TARGETED_DEVICE_FAMILY = "1,2";
				TEST_TARGET_NAME = HttpManager;
			};
			name = Release;
		};
/* End XCBuildConfiguration section */

/* Begin XCConfigurationList section */
		04C761612006F16B00612D4D /* Build configuration list for PBXProject "HttpManager" */ = {
			isa = XCConfigurationList;
			buildConfigurations = (
				04C7618C2006F16B00612D4D /* Debug */,
				04C7618D2006F16B00612D4D /* Release */,
			);
			defaultConfigurationIsVisible = 0;
			defaultConfigurationName = Release;
		};
		04C7618E2006F16B00612D4D /* Build configuration list for PBXNativeTarget "HttpManager" */ = {
			isa = XCConfigurationList;
			buildConfigurations = (
				04C7618F2006F16B00612D4D /* Debug */,
				04C761902006F16B00612D4D /* Release */,
			);
			defaultConfigurationIsVisible = 0;
			defaultConfigurationName = Release;
		};
		04C761912006F16B00612D4D /* Build configuration list for PBXNativeTarget "HttpManagerTests" */ = {
			isa = XCConfigurationList;
			buildConfigurations = (
				04C761922006F16B00612D4D /* Debug */,
				04C761932006F16B00612D4D /* Release */,
			);
			defaultConfigurationIsVisible = 0;
			defaultConfigurationName = Release;
		};
		04C761942006F16B00612D4D /* Build configuration list for PBXNativeTarget "HttpManagerUITests" */ = {
			isa = XCConfigurationList;
			buildConfigurations = (
				04C761952006F16B00612D4D /* Debug */,
				04C761962006F16B00612D4D /* Release */,
			);
			defaultConfigurationIsVisible = 0;
			defaultConfigurationName = Release;
		};
/* End XCConfigurationList section */
	};
	rootObject = 04C7615E2006F16B00612D4D /* Project object */;
}
